# This file is automatically @generated by Cargo.
# It is not intended for manual editing.
version = 4

[[package]]
name = "aead"
version = "0.6.0-rc.0"
source = "git+https://github.com/RustCrypto/traits/#6fbdc179756379c823a53c0d5a60e0a40baeb765"
dependencies = [
 "crypto-common",
 "inout",
]

[[package]]
name = "aegis-cl"
version = "0.1.0"
dependencies = [
 "aead",
 "hex-literal",
 "hybrid-array",
 "subtle",
]

[[package]]
name = "crypto-common"
version = "0.2.0-rc.2"
source = "git+https://github.com/RustCrypto/traits/#6fbdc179756379c823a53c0d5a60e0a40baeb765"
dependencies = [
 "hybrid-array",
 "rand_core",
]

[[package]]
name = "hex-literal"
version = "1.0.0"
source = "registry+https://github.com/rust-lang/crates.io-index"
checksum = "bcaaec4551594c969335c98c903c1397853d4198408ea609190f420500f6be71"

[[package]]
name = "hybrid-array"
version = "0.3.0"
source = "registry+https://github.com/rust-lang/crates.io-index"
checksum = "4dab50e193aebe510fe0e40230145820e02f48dae0cf339ea4204e6e708ff7bd"
dependencies = [
 "typenum",
]

[[package]]
name = "inout"
version = "0.2.0-rc.4"
source = "registry+https://github.com/rust-lang/crates.io-index"
checksum = "ac5e145e8ade9f74c0a5efc60ccb4e714b0144f7e2220b7ca64254feee71c57f"
dependencies = [
 "hybrid-array",
]

[[package]]
name = "proc-macro2"
version = "1.0.93"
source = "registry+https://github.com/rust-lang/crates.io-index"
checksum = "60946a68e5f9d28b0dc1c21bb8a97ee7d018a8b322fa57838ba31cc878e22d99"
dependencies = [
 "unicode-ident",
]

[[package]]
name = "quote"
version = "1.0.38"
source = "registry+https://github.com/rust-lang/crates.io-index"
checksum = "0e4dccaaaf89514f546c693ddc140f729f958c247918a13380cccc6078391acc"
dependencies = [
 "proc-macro2",
]

[[package]]
name = "rand_core"
version = "0.9.2"
source = "registry+https://github.com/rust-lang/crates.io-index"
checksum = "7a509b1a2ffbe92afab0e55c8fd99dea1c280e8171bd2d88682bb20bc41cbc2c"
dependencies = [
 "zerocopy",
]

[[package]]
name = "subtle"
version = "2.6.1"
source = "registry+https://github.com/rust-lang/crates.io-index"
checksum = "13c2bddecc57b384dee18652358fb23172facb8a2c51ccc10d74c157bdea3292"

[[package]]
name = "syn"
version = "2.0.98"
source = "registry+https://github.com/rust-lang/crates.io-index"
checksum = "36147f1a48ae0ec2b5b3bc5b537d267457555a10dc06f3dbc8cb11ba3006d3b1"
dependencies = [
 "proc-macro2",
 "quote",
 "unicode-ident",
]

[[package]]
name = "typenum"
version = "1.18.0"
source = "registry+https://github.com/rust-lang/crates.io-index"
checksum = "1dccffe3ce07af9386bfd29e80c0ab1a8205a2fc34e4bcd40364df902cfa8f3f"

[[package]]
name = "unicode-ident"
version = "1.0.18"
source = "registry+https://github.com/rust-lang/crates.io-index"
checksum = "5a5f39404a5da50712a4c1eecf25e90dd62b613502b7e925fd4e4d19b5c96512"

[[package]]
name = "zerocopy"
version = "0.8.24"
source = "registry+https://github.com/rust-lang/crates.io-index"
checksum = "2586fea28e186957ef732a5f8b3be2da217d65c5969d4b1e17f973ebbe876879"
dependencies = [
 "zerocopy-derive",
]

[[package]]
name = "zerocopy-derive"
version = "0.8.24"
source = "registry+https://github.com/rust-lang/crates.io-index"
checksum = "a996a8f63c5c4448cd959ac1bab0aaa3306ccfd060472f85943ee0750f0169be"
dependencies = [
 "proc-macro2",
 "quote",
 "syn",
]
